# THIS IS AN AUTOGENERATED FILE. DO NOT EDIT THIS FILE DIRECTLY.
# yarn lockfile v1


pixelmatch@^5.3.0:
  version "5.3.0"
  resolved "https://registry.yarnpkg.com/pixelmatch/-/pixelmatch-5.3.0.tgz#5e5321a7abedfb7962d60dbf345deda87cb9560a"
  integrity sha512-o8mkY4E/+LNUf6LzX96ht6k6CEDi65k9G2rjMtBe9Oo+VPKSvl+0GKHuH/AlG+GA5LPG/i5hrekkxUc3s2HU+Q==
  dependencies:
    pngjs "^6.0.0"

playwright-core@1.64.0:
  version "1.64.0"
  resolved "https://registry.yarnpkg.com/playwright-core/-/playwright-core-1.64.0.tgz#a765f91dabd2b2cadd67e87439842c1d6c72c652"
  integrity sha512-T9r+MZkTECl2+oUcZ26YgZzTrYidTsIhYYkJix+6iDOymOb1FB2RLLSOxRGnZGv5DStt+aduIVbt+E8WygXYpg==

playwright@^1.48.0:
  version "1.64.0"
  resolved "https://registry.yarnpkg.com/playwright/-/playwright-1.64.0.tgz#c105a3ffe174d487a5927a6836a79778b1180742"
  integrity sha512-kVzTnYFYEyQ9RGzBjNCd2+yEqWmVbxl3AHPynv3qQ6JTjv4a+kwRcnqQwIpuP3NnrnIrE/Q6wWAIAvMfIE2/Yg==
  dependencies:
    playwright-core "1.64.0"

pngjs@^6.0.0:
  version "6.0.0"
  resolved "https://registry.yarnpkg.com/pngjs/-/pngjs-6.0.0.tgz#ca9e5d2aa48db0228a52c419c3308e87720da821"
  integrity sha512-TRzzuFRRmEoSW/p1KVAmiOgPco2Irlah+bGFCeNfJXxxYGwSw7YwAOAcd7X28K/m5bjBWKsC29KyoMfHbypayg==

pngjs@^7.0.0:
  version "7.0.0"
  resolved "https://registry.yarnpkg.com/pngjs/-/pngjs-7.0.0.tgz#a8b7446020ebbc6ac739db6c5415a65d17090e26"
  integrity sha512-LKWqWJRhstyYo9pGvgor/ivk2w94eSjE3RGVuzLGlr3NmD8bf7RcYGze1mNdEHRP6TRP6rMuDHk5t44hnTRyow==
